
Microsoft Visual Studio Solution File, Format Version 12.00
# Visual Studio Version 17
VisualStudioVersion = 17.11.35327.3
MinimumVisualStudioVersion = 10.0.40219.1
Project("{FAE04EC0-301F-11D3-BF4B-00C04F79EFBC}") = "testing", "testing\testing.csproj", "{CCFDC8B0-0943-434A-8567-71B278253B73}"
EndProject
Project("{54435603-DBB4-11D2-8724-00A0C9A8B90C}") = "Setup", "Setup1\Setup1.vdproj", "{414F91A8-86CF-4A80-BD61-06A1C1C0777B}"
EndProject
Global
	GlobalSection(SolutionConfigurationPlatforms) = preSolution
		Debug|Any CPU = Debug|Any CPU
		Release|Any CPU = Release|Any CPU
	EndGlobalSection
	GlobalSection(ProjectConfigurationPlatforms) = postSolution
		{CCFDC8B0-0943-434A-8567-71B278253B73}.Debug|Any CPU.ActiveCfg = Debug|Any CPU
		{CCFDC8B0-0943-434A-8567-71B278253B73}.Debug|Any CPU.Build.0 = Debug|Any CPU
		{CCFDC8B0-0943-434A-8567-71B278253B73}.Release|Any CPU.ActiveCfg = Release|Any CPU
		{CCFDC8B0-0943-434A-8567-71B278253B73}.Release|Any CPU.Build.0 = Release|Any CPU
		{414F91A8-86CF-4A80-BD61-06A1C1C0777B}.Debug|Any CPU.ActiveCfg = Debug
		{414F91A8-86CF-4A80-BD61-06A1C1C0777B}.Release|Any CPU.ActiveCfg = Release
	EndGlobalSection
	GlobalSection(SolutionProperties) = preSolution
		HideSolutionNode = FALSE
	EndGlobalSection
	GlobalSection(ExtensibilityGlobals) = postSolution
		SolutionGuid = {1A8DF49B-EDC6-4B85-88A1-103C48E393AC}
	EndGlobalSection
EndGlobal
